
Microsoft Visual Studio Solution File, Format Version 12.00
# Visual Studio Version 17
VisualStudioVersion = 17.0.32112.339
MinimumVisualStudioVersion = 10.0.40219.1
Project("{FAE04EC0-301F-11D3-BF4B-00C04F79EFBC}") = "LouisvilleHikes", "LouisvilleHikes.csproj", "{8D5FF2AD-3E4A-4737-91BF-57F99682332B}"
EndProject
Global
	GlobalSection(SolutionConfigurationPlatforms) = preSolution
		Debug|Any CPU = Debug|Any CPU
		Release|Any CPU = Release|Any CPU
	EndGlobalSection
	GlobalSection(ProjectConfigurationPlatforms) = postSolution
		{8D5FF2AD-3E4A-4737-91BF-57F99682332B}.Debug|Any CPU.ActiveCfg = Debug|Any CPU
		{8D5FF2AD-3E4A-4737-91BF-57F99682332B}.Debug|Any CPU.Build.0 = Debug|Any CPU
		{8D5FF2AD-3E4A-4737-91BF-57F99682332B}.Release|Any CPU.ActiveCfg = Release|Any CPU
		{8D5FF2AD-3E4A-4737-91BF-57F99682332B}.Release|Any CPU.Build.0 = Release|Any CPU
	EndGlobalSection
	GlobalSection(SolutionProperties) = preSolution
		HideSolutionNode = FALSE
	EndGlobalSection
	GlobalSection(ExtensibilityGlobals) = postSolution
		SolutionGuid = {6DF2A36A-D451-4F3E-99ED-5FC5732E316C}
	EndGlobalSection
EndGlobal
